
Microsoft Visual Studio Solution File, Format Version 12.00
# Visual Studio Version 17
VisualStudioVersion = 17.14.36623.8 d17.14
MinimumVisualStudioVersion = 10.0.40219.1
Project("{FAE04EC0-301F-11D3-BF4B-00C04F79EFBC}") = "mokipointsCS", "mokipointsCS\mokipointsCS.csproj", "{004536E3-B3AA-4F91-9612-AACB692BCD50}"
EndProject
Global
	GlobalSection(SolutionConfigurationPlatforms) = preSolution
		Debug|Any CPU = Debug|Any CPU
		Release|Any CPU = Release|Any CPU
	EndGlobalSection
	GlobalSection(ProjectConfigurationPlatforms) = postSolution
		{004536E3-B3AA-4F91-9612-AACB692BCD50}.Debug|Any CPU.ActiveCfg = Debug|Any CPU
		{004536E3-B3AA-4F91-9612-AACB692BCD50}.Debug|Any CPU.Build.0 = Debug|Any CPU
		{004536E3-B3AA-4F91-9612-AACB692BCD50}.Release|Any CPU.ActiveCfg = Release|Any CPU
		{004536E3-B3AA-4F91-9612-AACB692BCD50}.Release|Any CPU.Build.0 = Release|Any CPU
	EndGlobalSection
	GlobalSection(SolutionProperties) = preSolution
		HideSolutionNode = FALSE
	EndGlobalSection
	GlobalSection(ExtensibilityGlobals) = postSolution
		SolutionGuid = {F39AE59F-DCCC-43B9-8A89-2F3511A04213}
	EndGlobalSection
EndGlobal
